hash: e62c2d8bd58e3da55a58d22f02ff4a5a0400917e8e138c4a35a7ca54b56e55bd
updated: 2018-08-19T12:23:48.4126501+08:00
imports:
- name: github.com/beorn7/perks
  version: 3a771d992973f24aa725d07868b467d1ddfceafb
  subpackages:
  - quantile
- name: github.com/BurntSushi/toml
  version: b26d9c308763d68093482582cea63d69be07a0f0
- name: github.com/codahale/hdrhistogram
  version: 3a0bb77429bd3a61596f5e8a3172445844342120
- name: github.com/coreos/etcd
  version: fca8add78a9d926166eb739b8e4a124434025ba3
  subpackages:
  - auth/authpb
  - clientv3
  - clientv3/concurrency
  - etcdserver/api/v3rpc/rpctypes
  - etcdserver/etcdserverpb
  - mvcc/mvccpb
  - pkg/types
- name: github.com/cznic/mathutil
  version: ca4c9f2c136954238c3158b92de72078c7672ecc
- name: github.com/deckarep/golang-set
  version: 1d4478f51bed434f1dadf96dcd9b43aabac66795
- name: github.com/gogo/protobuf
  version: 342cbe0a04158f6dcb03ca0079991a51a4248c02
  subpackages:
  - gogoproto
  - proto
  - protoc-gen-gogo/descriptor
- name: github.com/golang/protobuf
  version: 1e59b77b52bf8e4b449a57e6f79f21226d571845
  subpackages:
  - jsonpb
  - proto
  - ptypes
  - ptypes/any
  - ptypes/duration
  - ptypes/timestamp
- name: github.com/golang/snappy
  version: 2e65f85255dbc3072edf28d6b5b8efc472979f5a
- name: github.com/google/btree
  version: 4030bb1f1f0c35b30ca7009e9ebd06849dd45306
- name: github.com/grpc-ecosystem/go-grpc-middleware
  version: c250d6563d4d4c20252cd865923440e829844f4e
  subpackages:
  - tags
  - tracing/opentracing
  - util/metautils
- name: github.com/grpc-ecosystem/go-grpc-prometheus
  version: c225b8c3b01faf2899099b768856a9e916e5087b
- name: github.com/juju/errors
  version: 6f54ff6318409d31ff16261533ce2c8381a4fd5d
- name: github.com/matttproud/golang_protobuf_extensions
  version: c12348ce28de40eed0136aa2b644d0ee0650e56c
  subpackages:
  - pbutil
- name: github.com/opentracing/opentracing-go
  version: 1949ddbfd147afd4d964a9f00b24eb291e0e7c38
  subpackages:
  - ext
  - log
- name: github.com/pingcap/goleveldb
  version: b9ff6c35079e0b7925a4028005fc2dbc37aec69a
  subpackages:
  - leveldb
  - leveldb/cache
  - leveldb/comparer
  - leveldb/errors
  - leveldb/filter
  - leveldb/iterator
  - leveldb/journal
  - leveldb/memdb
  - leveldb/opt
  - leveldb/storage
  - leveldb/table
  - leveldb/util
- name: github.com/pingcap/kvproto
  version: 279515615485b0f2d12f1421cc412fe2784e0190
  subpackages:
  - pkg/coprocessor
  - pkg/eraftpb
  - pkg/errorpb
  - pkg/kvrpcpb
  - pkg/metapb
  - pkg/pdpb
  - pkg/raft_serverpb
  - pkg/tikvpb
- name: github.com/pingcap/pd
  version: 3ddb13246707243f9d1c25d55a8bdcb57ff13cd5
  subpackages:
  - pd-client
- name: github.com/pingcap/tidb
  version: dd37138dc0bbcf20296d9bc3972cb25e73e36797
  subpackages:
  - config
  - kv
  - meta
  - meta/autoid
  - metrics
  - model
  - mysql
  - owner
  - parser/opcode
  - sessionctx
  - sessionctx/binloginfo
  - sessionctx/stmtctx
  - sessionctx/variable
  - store/tikv
  - store/tikv/latch
  - store/tikv/oracle
  - store/tikv/oracle/oracles
  - store/tikv/tikvrpc
  - structure
  - tablecodec
  - terror
  - types
  - types/json
  - util
  - util/auth
  - util/charset
  - util/chunk
  - util/codec
  - util/format
  - util/goroutine_pool
  - util/hack
  - util/kvcache
  - util/logutil
  - util/memory
- name: github.com/pingcap/tipb
  version: 1043caee48da56ffc3521406a041db8e5feac9a8
  subpackages:
  - go-binlog
  - go-tipb
  - sharedbytes
- name: github.com/pkg/errors
  version: 645ef00459ed84a119197bfb8d8205042c6df63d
- name: github.com/prometheus/client_golang
  version: 5cec1d0429b02e4323e042eb04dafdb079ddf568
  subpackages:
  - prometheus
  - prometheus/promhttp
- name: github.com/prometheus/client_model
  version: 6f3806018612930941127f2a7c6c453ba2c527d2
  subpackages:
  - go
- name: github.com/prometheus/common
  version: e3fb1a1acd7605367a2b378bc2e2f893c05174b7
  subpackages:
  - expfmt
  - internal/bitbucket.org/ww/goautoneg
  - model
- name: github.com/prometheus/procfs
  version: a6e9df898b1336106c743392c48ee0b71f5c4efa
  subpackages:
  - xfs
- name: github.com/sirupsen/logrus
  version: f006c2ac4710855cf0f916dd6b77acf6b048dc6e
- name: github.com/spaolacci/murmur3
  version: 9f5d223c60793748f04a9d5b4b4eacddfc1f755d
- name: github.com/twinj/uuid
  version: 835a10bbd6bce40820349a68b1368a62c3c5617c
- name: github.com/uber/jaeger-client-go
  version: b043381d944715b469fd6b37addfd30145ca1758
  subpackages:
  - config
  - internal/baggage
  - internal/baggage/remote
  - internal/spanlog
  - internal/throttler
  - internal/throttler/remote
  - log
  - rpcmetrics
  - thrift
  - thrift-gen/agent
  - thrift-gen/baggage
  - thrift-gen/jaeger
  - thrift-gen/sampling
  - thrift-gen/zipkincore
  - utils
- name: github.com/uber/jaeger-lib
  version: ed3a127ec5fef7ae9ea95b01b542c47fbd999ce5
  subpackages:
  - metrics
- name: github.com/yongman/go
  version: 0d097e4b35c3d7e331ddc34e53fa3a1e28175343
  subpackages:
  - goredis
  - log
  - util
- name: github.com/yongman/tidis
  version: e51e7afd57ac6b0788cbe24e3757748ced7e3cf6
  subpackages:
  - config
  - server
  - store
  - store/tikv
  - terror
  - tidis
- name: golang.org/x/crypto
  version: aabede6cba87e37f413b3e60ebfc214f8eeca1b0
  subpackages:
  - ssh/terminal
- name: golang.org/x/net
  version: 66aacef3dd8a676686c7ae3716979581e8b03c47
  subpackages:
  - context
  - http2
  - http2/hpack
  - idna
  - internal/timeseries
  - lex/httplex
  - trace
- name: golang.org/x/sys
  version: ebfc5b4631820b793c9010c87fd8fef0f39eb082
  subpackages:
  - unix
  - windows
- name: golang.org/x/text
  version: b19bf474d317b857955b12035d2c5acb57ce8b01
  subpackages:
  - encoding
  - encoding/charmap
  - encoding/internal
  - encoding/internal/identifier
  - encoding/japanese
  - encoding/korean
  - encoding/simplifiedchinese
  - encoding/traditionalchinese
  - encoding/unicode
  - internal/utf8internal
  - runes
  - secure/bidirule
  - transform
  - unicode/bidi
  - unicode/norm
- name: google.golang.org/genproto
  version: 09f6ed296fc66555a25fe4ce95173148778dfa85
  subpackages:
  - googleapis/rpc/status
- name: google.golang.org/grpc
  version: 5b3c4e850e90a4cf6a20ebd46c8b32a0a3afcb9e
  subpackages:
  - balancer
  - codes
  - connectivity
  - credentials
  - grpclb/grpc_lb_v1/messages
  - grpclog
  - health/grpc_health_v1
  - internal
  - keepalive
  - metadata
  - naming
  - peer
  - resolver
  - stats
  - status
  - tap
  - transport
- name: gopkg.in/natefinch/lumberjack.v2
  version: a96e63847dc3c67d17befa69c303767e2f84e54f
testImports: []
